// !$*UTF8*$!
{
	archiveVersion = 1;
	classes = {
	};
	objectVersion = 46;
	objects = {

/* Begin PBXBuildFile section */
		F8375C321AB9D6F80036137F /* CloudImageCache.h in CopyFiles */ = {isa = PBXBuildFile; fileRef = F8375C311AB9D6F80036137F /* CloudImageCache.h */; };
		F8375C341AB9D6F80036137F /* CloudImageCache.m in Sources */ = {isa = PBXBuildFile; fileRef = F8375C331AB9D6F80036137F /* CloudImageCache.m */; };
		F8375C3A1AB9D6F80036137F /* libCloudImageCache.a in Frameworks */ = {isa = PBXBuildFile; fileRef = F8375C2E1AB9D6F80036137F /* libCloudImageCache.a */; };
/* End PBXBuildFile section */

/* Begin PBXContainerItemProxy section */
		F8375C3B1AB9D6F80036137F /* PBXContainerItemProxy */ = {
			isa = PBXContainerItemProxy;
			containerPortal = F8375C261AB9D6F80036137F /* Project object */;
			proxyType = 1;
			remoteGlobalIDString = F8375C2D1AB9D6F80036137F;
			remoteInfo = CloudImageCache;
		};
/* End PBXContainerItemProxy section */

/* Begin PBXCopyFilesBuildPhase section */
		F8375C2C1AB9D6F80036137F /* CopyFiles */ = {
			isa = PBXCopyFilesBuildPhase;
			buildActionMask = 2147483647;
			dstPath = "include/$(PRODUCT_NAME)";
			dstSubfolderSpec = 16;
			files = (
				F8375C321AB9D6F80036137F /* CloudImageCache.h in CopyFiles */,
			);
			runOnlyForDeploymentPostprocessing = 0;
		};
/* End PBXCopyFilesBuildPhase section */

/* Begin PBXFileReference section */
		F8375C2E1AB9D6F80036137F /* libCloudImageCache.a */ = {isa = PBXFileReference; explicitFileType = archive.ar; includeInIndex = 0; path = libCloudImageCache.a; sourceTree = BUILT_PRODUCTS_DIR; };
		F8375C311AB9D6F80036137F /* CloudImageCache.h */ = {isa = PBXFileReference; lastKnownFileType = sourcecode.c.h; path = CloudImageCache.h; sourceTree = "<group>"; };
		F8375C331AB9D6F80036137F /* CloudImageCache.m */ = {isa = PBXFileReference; lastKnownFileType = sourcecode.c.objc; path = CloudImageCache.m; sourceTree = "<group>"; };
		F8375C391AB9D6F80036137F /* CloudImageCacheTests.xctest */ = {isa = PBXFileReference; explicitFileType = wrapper.cfbundle; includeInIndex = 0; path = CloudImageCacheTests.xctest; sourceTree = BUILT_PRODUCTS_DIR; };
		F8375C3F1AB9D6F80036137F /* Info.plist */ = {isa = PBXFileReference; lastKnownFileType = text.plist.xml; path = Info.plist; sourceTree = "<group>"; };
/* End PBXFileReference section */

/* Begin PBXFrameworksBuildPhase section */
		F8375C2B1AB9D6F80036137F /* Frameworks */ = {
			isa = PBXFrameworksBuildPhase;
			buildActionMask = 2147483647;
			files = (
			);
			runOnlyForDeploymentPostprocessing = 0;
		};
		F8375C361AB9D6F80036137F /* Frameworks */ = {
			isa = PBXFrameworksBuildPhase;
			buildActionMask = 2147483647;
			files = (
				F8375C3A1AB9D6F80036137F /* libCloudImageCache.a in Frameworks */,
			);
			runOnlyForDeploymentPostprocessing = 0;
		};
/* End PBXFrameworksBuildPhase section */

/* Begin PBXGroup section */
		F8375C251AB9D6F80036137F = {
			isa = PBXGroup;
			children = (
				F8375C301AB9D6F80036137F /* CloudImageCache */,
				F8375C3D1AB9D6F80036137F /* CloudImageCacheTests */,
				F8375C2F1AB9D6F80036137F /* Products */,
			);
			sourceTree = "<group>";
		};
		F8375C2F1AB9D6F80036137F /* Products */ = {
			isa = PBXGroup;
			children = (
				F8375C2E1AB9D6F80036137F /* libCloudImageCache.a */,
				F8375C391AB9D6F80036137F /* CloudImageCacheTests.xctest */,
			);
			name = Products;
			sourceTree = "<group>";
		};
		F8375C301AB9D6F80036137F /* CloudImageCache */ = {
			isa = PBXGroup;
			children = (
				F8375C311AB9D6F80036137F /* CloudImageCache.h */,
				F8375C331AB9D6F80036137F /* CloudImageCache.m */,
			);
			path = CloudImageCache;
			sourceTree = "<group>";
		};
		F8375C3D1AB9D6F80036137F /* CloudImageCacheTests */ = {
			isa = PBXGroup;
			children = (
				F8375C3E1AB9D6F80036137F /* Supporting Files */,
			);
			path = CloudImageCacheTests;
			sourceTree = "<group>";
		};
		F8375C3E1AB9D6F80036137F /* Supporting Files */ = {
			isa = PBXGroup;
			children = (
				F8375C3F1AB9D6F80036137F /* Info.plist */,
			);
			name = "Supporting Files";
			sourceTree = "<group>";
		};
/* End PBXGroup section */

/* Begin PBXNativeTarget section */
		F8375C2D1AB9D6F80036137F /* CloudImageCache */ = {
			isa = PBXNativeTarget;
			buildConfigurationList = F8375C421AB9D6F80036137F /* Build configuration list for PBXNativeTarget "CloudImageCache" */;
			buildPhases = (
				F8375C2A1AB9D6F80036137F /* Sources */,
				F8375C2B1AB9D6F80036137F /* Frameworks */,
				F8375C2C1AB9D6F80036137F /* CopyFiles */,
			);
			buildRules = (
			);
			dependencies = (
			);
			name = CloudImageCache;
			productName = CloudImageCache;
			productReference = F8375C2E1AB9D6F80036137F /* libCloudImageCache.a */;
			productType = "com.apple.product-type.library.static";
		};
		F8375C381AB9D6F80036137F /* CloudImageCacheTests */ = {
			isa = PBXNativeTarget;
			buildConfigurationList = F8375C451AB9D6F80036137F /* Build configuration list for PBXNativeTarget "CloudImageCacheTests" */;
			buildPhases = (
				F8375C351AB9D6F80036137F /* Sources */,
				F8375C361AB9D6F80036137F /* Frameworks */,
				F8375C371AB9D6F80036137F /* Resources */,
			);
			buildRules = (
			);
			dependencies = (
				F8375C3C1AB9D6F80036137F /* PBXTargetDependency */,
			);
			name = CloudImageCacheTests;
			productName = CloudImageCacheTests;
			productReference = F8375C391AB9D6F80036137F /* CloudImageCacheTests.xctest */;
			productType = "com.apple.product-type.bundle.unit-test";
		};
/* End PBXNativeTarget section */

/* Begin PBXProject section */
		F8375C261AB9D6F80036137F /* Project object */ = {
			isa = PBXProject;
			attributes = {
				LastUpgradeCheck = 0620;
				ORGANIZATIONNAME = darcyzhang;
				TargetAttributes = {
					F8375C2D1AB9D6F80036137F = {
						CreatedOnToolsVersion = 6.2;
					};
					F8375C381AB9D6F80036137F = {
						CreatedOnToolsVersion = 6.2;
					};
				};
			};
			buildConfigurationList = F8375C291AB9D6F80036137F /* Build configuration list for PBXProject "CloudImageCache" */;
			compatibilityVersion = "Xcode 3.2";
			developmentRegion = English;
			hasScannedForEncodings = 0;
			knownRegions = (
				en,
			);
			mainGroup = F8375C251AB9D6F80036137F;
			productRefGroup = F8375C2F1AB9D6F80036137F /* Products */;
			projectDirPath = "";
			projectRoot = "";
			targets = (
				F8375C2D1AB9D6F80036137F /* CloudImageCache */,
				F8375C381AB9D6F80036137F /* CloudImageCacheTests */,
			);
		};
/* End PBXProject section */

/* Begin PBXResourcesBuildPhase section */
		F8375C371AB9D6F80036137F /* Resources */ = {
			isa = PBXResourcesBuildPhase;
			buildActionMask = 2147483647;
			files = (
			);
			runOnlyForDeploymentPostprocessing = 0;
		};
/* End PBXResourcesBuildPhase section */

/* Begin PBXSourcesBuildPhase section */
		F8375C2A1AB9D6F80036137F /* Sources */ = {
			isa = PBXSourcesBuildPhase;
			buildActionMask = 2147483647;
			files = (
				F8375C341AB9D6F80036137F /* CloudImageCache.m in Sources */,
			);
			runOnlyForDeploymentPostprocessing = 0;
		};
		F8375C351AB9D6F80036137F /* Sources */ = {
			isa = PBXSourcesBuildPhase;
			buildActionMask = 2147483647;
			files = (
			);
			runOnlyForDeploymentPostprocessing = 0;
		};
/* End PBXSourcesBuildPhase section */

/* Begin PBXTargetDependency section */
		F8375C3C1AB9D6F80036137F /* PBXTargetDependency */ = {
			isa = PBXTargetDependency;
			target = F8375C2D1AB9D6F80036137F /* CloudImageCache */;
			targetProxy = F8375C3B1AB9D6F80036137F /* PBXContainerItemProxy */;
		};
/* End PBXTargetDependency section */

/* Begin XCBuildConfiguration section */
		F8375C401AB9D6F80036137F /* Debug */ = {
			isa = XCBuildConfiguration;
			buildSettings = {
				ALWAYS_SEARCH_USER_PATHS = NO;
				CLANG_CXX_LANGUAGE_STANDARD = "gnu++0x";
				CLANG_CXX_LIBRARY = "libc++";
				CLANG_ENABLE_MODULES = YES;
				CLANG_ENABLE_OBJC_ARC = YES;
				CLANG_WARN_BOOL_CONVERSION = YES;
				CLANG_WARN_CONSTANT_CONVERSION = YES;
				CLANG_WARN_DIRECT_OBJC_ISA_USAGE = YES_ERROR;
				CLANG_WARN_EMPTY_BODY = YES;
				CLANG_WARN_ENUM_CONVERSION = YES;
				CLANG_WARN_INT_CONVERSION = YES;
				CLANG_WARN_OBJC_ROOT_CLASS = YES_ERROR;
				CLANG_WARN_UNREACHABLE_CODE = YES;
				CLANG_WARN__DUPLICATE_METHOD_MATCH = YES;
				COPY_PHASE_STRIP = NO;
				ENABLE_STRICT_OBJC_MSGSEND = YES;
				GCC_C_LANGUAGE_STANDARD = gnu99;
				GCC_DYNAMIC_NO_PIC = NO;
				GCC_OPTIMIZATION_LEVEL = 0;
				GCC_PREPROCESSOR_DEFINITIONS = (
					"DEBUG=1",
					"$(inherited)",
				);
				GCC_SYMBOLS_PRIVATE_EXTERN = NO;
				GCC_WARN_64_TO_32_BIT_CONVERSION = YES;
				GCC_WARN_ABOUT_RETURN_TYPE = YES_ERROR;
				GCC_WARN_UNDECLARED_SELECTOR = YES;
				GCC_WARN_UNINITIALIZED_AUTOS = YES_AGGRESSIVE;
				GCC_WARN_UNUSED_FUNCTION = YES;
				GCC_WARN_UNUSED_VARIABLE = YES;
				IPHONEOS_DEPLOYMENT_TARGET = 8.2;
				MTL_ENABLE_DEBUG_INFO = YES;
				ONLY_ACTIVE_ARCH = YES;
				SDKROOT = iphoneos;
			};
			name = Debug;
		};
		F8375C411AB9D6F80036137F /* Release */ = {
			isa = XCBuildConfiguration;
			buildSettings = {
				ALWAYS_SEARCH_USER_PATHS = NO;
				CLANG_CXX_LANGUAGE_STANDARD = "gnu++0x";
				CLANG_CXX_LIBRARY = "libc++";
				CLANG_ENABLE_MODULES = YES;
				CLANG_ENABLE_OBJC_ARC = YES;
				CLANG_WARN_BOOL_CONVERSION = YES;
				CLANG_WARN_CONSTANT_CONVERSION = YES;
				CLANG_WARN_DIRECT_OBJC_ISA_USAGE = YES_ERROR;
				CLANG_WARN_EMPTY_BODY = YES;
				CLANG_WARN_ENUM_CONVERSION = YES;
				CLANG_WARN_INT_CONVERSION = YES;
				CLANG_WARN_OBJC_ROOT_CLASS = YES_ERROR;
				CLANG_WARN_UNREACHABLE_CODE = YES;
				CLANG_WARN__DUPLICATE_METHOD_MATCH = YES;
				COPY_PHASE_STRIP = NO;
				ENABLE_NS_ASSERTIONS = NO;
				ENABLE_STRICT_OBJC_MSGSEND = YES;
				GCC_C_LANGUAGE_STANDARD = gnu99;
				GCC_WARN_64_TO_32_BIT_CONVERSION = YES;
				GCC_WARN_ABOUT_RETURN_TYPE = YES_ERROR;
				GCC_WARN_UNDECLARED_SELECTOR = YES;
				GCC_WARN_UNINITIALIZED_AUTOS = YES_AGGRESSIVE;
				GCC_WARN_UNUSED_FUNCTION = YES;
				GCC_WARN_UNUSED_VARIABLE = YES;
				IPHONEOS_DEPLOYMENT_TARGET = 8.2;
				MTL_ENABLE_DEBUG_INFO = NO;
				SDKROOT = iphoneos;
				VALIDATE_PRODUCT = YES;
			};
			name = Release;
		};
		F8375C431AB9D6F80036137F /* Debug */ = {
			isa = XCBuildConfiguration;
			buildSettings = {
				OTHER_LDFLAGS = "-ObjC";
				PRODUCT_NAME = "$(TARGET_NAME)";
				SKIP_INSTALL = YES;
			};
			name = Debug;
		};
		F8375C441AB9D6F80036137F /* Release */ = {
			isa = XCBuildConfiguration;
			buildSettings = {
				OTHER_LDFLAGS = "-ObjC";
				PRODUCT_NAME = "$(TARGET_NAME)";
				SKIP_INSTALL = YES;
			};
			name = Release;
		};
		F8375C461AB9D6F80036137F /* Debug */ = {
			isa = XCBuildConfiguration;
			buildSettings = {
				FRAMEWORK_SEARCH_PATHS = (
					"$(SDKROOT)/Developer/Library/Frameworks",
					"$(inherited)",
				);
				GCC_PREPROCESSOR_DEFINITIONS = (
					"DEBUG=1",
					"$(inherited)",
				);
				INFOPLIST_FILE = CloudImageCacheTests/Info.plist;
				LD_RUNPATH_SEARCH_PATHS = "$(inherited) @executable_path/Frameworks @loader_path/Frameworks";
				PRODUCT_NAME = "$(TARGET_NAME)";
			};
			name = Debug;
		};
		F8375C471AB9D6F80036137F /* Release */ = {
			isa = XCBuildConfiguration;
			buildSettings = {
				FRAMEWORK_SEARCH_PATHS = (
					"$(SDKROOT)/Developer/Library/Frameworks",
					"$(inherited)",
				);
				INFOPLIST_FILE = CloudImageCacheTests/Info.plist;
				LD_RUNPATH_SEARCH_PATHS = "$(inherited) @executable_path/Frameworks @loader_path/Frameworks";
				PRODUCT_NAME = "$(TARGET_NAME)";
			};
			name = Release;
		};
/* End XCBuildConfiguration section */

/* Begin XCConfigurationList section */
		F8375C291AB9D6F80036137F /* Build configuration list for PBXProject "CloudImageCache" */ = {
			isa = XCConfigurationList;
			buildConfigurations = (
				F8375C401AB9D6F80036137F /* Debug */,
				F8375C411AB9D6F80036137F /* Release */,
			);
			defaultConfigurationIsVisible = 0;
			defaultConfigurationName = Release;
		};
		F8375C421AB9D6F80036137F /* Build configuration list for PBXNativeTarget "CloudImageCache" */ = {
			isa = XCConfigurationList;
			buildConfigurations = (
				F8375C431AB9D6F80036137F /* Debug */,
				F8375C441AB9D6F80036137F /* Release */,
			);
			defaultConfigurationIsVisible = 0;
		};
		F8375C451AB9D6F80036137F /* Build configuration list for PBXNativeTarget "CloudImageCacheTests" */ = {
			isa = XCConfigurationList;
			buildConfigurations = (
				F8375C461AB9D6F80036137F /* Debug */,
				F8375C471AB9D6F80036137F /* Release */,
			);
			defaultConfigurationIsVisible = 0;
		};
/* End XCConfigurationList section */
	};
	rootObject = F8375C261AB9D6F80036137F /* Project object */;
}
